
Microsoft Visual Studio Solution File, Format Version 12.00
# Visual Studio 14
VisualStudioVersion = 14.0.24720.0
MinimumVisualStudioVersion = 10.0.40219.1
Project("{FAE04EC0-301F-11D3-BF4B-00C04F79EFBC}") = "AcademicXXI.Domain", "AcademicXXI.Domain\AcademicXXI.Domain.csproj", "{10C37028-0D33-4555-AB4C-50B6A89A44DC}"
EndProject
Project("{FAE04EC0-301F-11D3-BF4B-00C04F79EFBC}") = "AcademicXXI.Data", "AcademicXXI.Data\AcademicXXI.Data.csproj", "{17B55868-B1CB-4B4A-9AFF-F59062C44160}"
EndProject
Project("{FAE04EC0-301F-11D3-BF4B-00C04F79EFBC}") = "AcademicXXI.Services", "AcademicXXI.Services\AcademicXXI.Services.csproj", "{DFB7E975-B953-4AEF-804C-3AD354103E89}"
EndProject
Project("{FAE04EC0-301F-11D3-BF4B-00C04F79EFBC}") = "AcademicXXI.Repository", "AcademicXXI.Repository\AcademicXXI.Repository.csproj", "{B9E059F3-DABE-4B66-B10C-9ABC5F48CC9E}"
EndProject
Project("{FAE04EC0-301F-11D3-BF4B-00C04F79EFBC}") = "AcademicXXI.Helpers", "AcademicXXI.Helpers\AcademicXXI.Helpers.csproj", "{B8B70A73-4598-453B-8182-E2FE7CFFB8A8}"
EndProject
Project("{FAE04EC0-301F-11D3-BF4B-00C04F79EFBC}") = "AcademicXXI.ViewModel", "AcademicXXI.ViewModel\AcademicXXI.ViewModel.csproj", "{5A8CD486-B220-47FB-9636-B20B995D591E}"
EndProject
Project("{FAE04EC0-301F-11D3-BF4B-00C04F79EFBC}") = "AcademicXXI.Web", "AcademicXXI.Web\AcademicXXI.Web.csproj", "{608AAD59-8955-4059-8C8B-177CBF749F4B}"
EndProject
Global
	GlobalSection(SolutionConfigurationPlatforms) = preSolution
		Debug|Any CPU = Debug|Any CPU
		Release|Any CPU = Release|Any CPU
	EndGlobalSection
	GlobalSection(ProjectConfigurationPlatforms) = postSolution
		{10C37028-0D33-4555-AB4C-50B6A89A44DC}.Debug|Any CPU.ActiveCfg = Debug|Any CPU
		{10C37028-0D33-4555-AB4C-50B6A89A44DC}.Debug|Any CPU.Build.0 = Debug|Any CPU
		{10C37028-0D33-4555-AB4C-50B6A89A44DC}.Release|Any CPU.ActiveCfg = Release|Any CPU
		{10C37028-0D33-4555-AB4C-50B6A89A44DC}.Release|Any CPU.Build.0 = Release|Any CPU
		{17B55868-B1CB-4B4A-9AFF-F59062C44160}.Debug|Any CPU.ActiveCfg = Debug|Any CPU
		{17B55868-B1CB-4B4A-9AFF-F59062C44160}.Debug|Any CPU.Build.0 = Debug|Any CPU
		{17B55868-B1CB-4B4A-9AFF-F59062C44160}.Release|Any CPU.ActiveCfg = Release|Any CPU
		{17B55868-B1CB-4B4A-9AFF-F59062C44160}.Release|Any CPU.Build.0 = Release|Any CPU
		{DFB7E975-B953-4AEF-804C-3AD354103E89}.Debug|Any CPU.ActiveCfg = Debug|Any CPU
		{DFB7E975-B953-4AEF-804C-3AD354103E89}.Debug|Any CPU.Build.0 = Debug|Any CPU
		{DFB7E975-B953-4AEF-804C-3AD354103E89}.Release|Any CPU.ActiveCfg = Release|Any CPU
		{DFB7E975-B953-4AEF-804C-3AD354103E89}.Release|Any CPU.Build.0 = Release|Any CPU
		{B9E059F3-DABE-4B66-B10C-9ABC5F48CC9E}.Debug|Any CPU.ActiveCfg = Debug|Any CPU
		{B9E059F3-DABE-4B66-B10C-9ABC5F48CC9E}.Debug|Any CPU.Build.0 = Debug|Any CPU
		{B9E059F3-DABE-4B66-B10C-9ABC5F48CC9E}.Release|Any CPU.ActiveCfg = Release|Any CPU
		{B9E059F3-DABE-4B66-B10C-9ABC5F48CC9E}.Release|Any CPU.Build.0 = Release|Any CPU
		{B8B70A73-4598-453B-8182-E2FE7CFFB8A8}.Debug|Any CPU.ActiveCfg = Debug|Any CPU
		{B8B70A73-4598-453B-8182-E2FE7CFFB8A8}.Debug|Any CPU.Build.0 = Debug|Any CPU
		{B8B70A73-4598-453B-8182-E2FE7CFFB8A8}.Release|Any CPU.ActiveCfg = Release|Any CPU
		{B8B70A73-4598-453B-8182-E2FE7CFFB8A8}.Release|Any CPU.Build.0 = Release|Any CPU
		{5A8CD486-B220-47FB-9636-B20B995D591E}.Debug|Any CPU.ActiveCfg = Debug|Any CPU
		{5A8CD486-B220-47FB-9636-B20B995D591E}.Debug|Any CPU.Build.0 = Debug|Any CPU
		{5A8CD486-B220-47FB-9636-B20B995D591E}.Release|Any CPU.ActiveCfg = Release|Any CPU
		{5A8CD486-B220-47FB-9636-B20B995D591E}.Release|Any CPU.Build.0 = Release|Any CPU
		{608AAD59-8955-4059-8C8B-177CBF749F4B}.Debug|Any CPU.ActiveCfg = Debug|Any CPU
		{608AAD59-8955-4059-8C8B-177CBF749F4B}.Debug|Any CPU.Build.0 = Debug|Any CPU
		{608AAD59-8955-4059-8C8B-177CBF749F4B}.Release|Any CPU.ActiveCfg = Release|Any CPU
		{608AAD59-8955-4059-8C8B-177CBF749F4B}.Release|Any CPU.Build.0 = Release|Any CPU
	EndGlobalSection
	GlobalSection(SolutionProperties) = preSolution
		HideSolutionNode = FALSE
	EndGlobalSection
EndGlobal
